// !$*UTF8*$!
{
	archiveVersion = 1;
	classes = {
	};
	objectVersion = 46;
	objects = {

/* Begin PBXBuildFile section */
		962A5EB914C8D2CE0052FADA /* main.c in Sources */ = {isa = PBXBuildFile; fileRef = 962A5EB814C8D2CE0052FADA /* main.c */; };
		962A5EBB14C8D2CF0052FADA /* Challenge_5.1 in CopyFiles */ = {isa = PBXBuildFile; fileRef = 962A5EBA14C8D2CF0052FADA /* Challenge_5.1 */; };
/* End PBXBuildFile section */

/* Begin PBXCopyFilesBuildPhase section */
		962A5EB214C8D2CE0052FADA /* CopyFiles */ = {
			isa = PBXCopyFilesBuildPhase;
			buildActionMask = 2147483647;
			dstPath = /usr/share/man/man1/;
			dstSubfolderSpec = 0;
			files = (
				962A5EBB14C8D2CF0052FADA /* Challenge_5.1 in CopyFiles */,
			);
			runOnlyForDeploymentPostprocessing = 1;
		};
/* End PBXCopyFilesBuildPhase section */

/* Begin PBXFileReference section */
		962A5EB414C8D2CE0052FADA /* Challenge 5 */ = {isa = PBXFileReference; explicitFileType = "compiled.mach-o.executable"; includeInIndex = 0; path = "Challenge 5"; sourceTree = BUILT_PRODUCTS_DIR; };
		962A5EB814C8D2CE0052FADA /* main.c */ = {isa = PBXFileReference; lastKnownFileType = sourcecode.c.c; path = main.c; sourceTree = "<group>"; };
		962A5EBA14C8D2CF0052FADA /* Challenge_5.1 */ = {isa = PBXFileReference; lastKnownFileType = text.man; path = Challenge_5.1; sourceTree = "<group>"; };
/* End PBXFileReference section */

/* Begin PBXFrameworksBuildPhase section */
		962A5EB114C8D2CE0052FADA /* Frameworks */ = {
			isa = PBXFrameworksBuildPhase;
			buildActionMask = 2147483647;
			files = (
			);
			runOnlyForDeploymentPostprocessing = 0;
		};
/* End PBXFrameworksBuildPhase section */

/* Begin PBXGroup section */
		962A5EA914C8D2CE0052FADA = {
			isa = PBXGroup;
			children = (
				962A5EB714C8D2CE0052FADA /* Challenge 5 */,
				962A5EB514C8D2CE0052FADA /* Products */,
			);
			sourceTree = "<group>";
		};
		962A5EB514C8D2CE0052FADA /* Products */ = {
			isa = PBXGroup;
			children = (
				962A5EB414C8D2CE0052FADA /* Challenge 5 */,
			);
			name = Products;
			sourceTree = "<group>";
		};
		962A5EB714C8D2CE0052FADA /* Challenge 5 */ = {
			isa = PBXGroup;
			children = (
				962A5EB814C8D2CE0052FADA /* main.c */,
				962A5EBA14C8D2CF0052FADA /* Challenge_5.1 */,
			);
			path = "Challenge 5";
			sourceTree = "<group>";
		};
/* End PBXGroup section */

/* Begin PBXNativeTarget section */
		962A5EB314C8D2CE0052FADA /* Challenge 5 */ = {
			isa = PBXNativeTarget;
			buildConfigurationList = 962A5EBE14C8D2CF0052FADA /* Build configuration list for PBXNativeTarget "Challenge 5" */;
			buildPhases = (
				962A5EB014C8D2CE0052FADA /* Sources */,
				962A5EB114C8D2CE0052FADA /* Frameworks */,
				962A5EB214C8D2CE0052FADA /* CopyFiles */,
			);
			buildRules = (
			);
			dependencies = (
			);
			name = "Challenge 5";
			productName = "Challenge 5";
			productReference = 962A5EB414C8D2CE0052FADA /* Challenge 5 */;
			productType = "com.apple.product-type.tool";
		};
/* End PBXNativeTarget section */

/* Begin PBXProject section */
		962A5EAB14C8D2CE0052FADA /* Project object */ = {
			isa = PBXProject;
			attributes = {
				LastUpgradeCheck = 0420;
			};
			buildConfigurationList = 962A5EAE14C8D2CE0052FADA /* Build configuration list for PBXProject "Challenge 5" */;
			compatibilityVersion = "Xcode 3.2";
			developmentRegion = English;
			hasScannedForEncodings = 0;
			knownRegions = (
				en,
			);
			mainGroup = 962A5EA914C8D2CE0052FADA;
			productRefGroup = 962A5EB514C8D2CE0052FADA /* Products */;
			projectDirPath = "";
			projectRoot = "";
			targets = (
				962A5EB314C8D2CE0052FADA /* Challenge 5 */,
			);
		};
/* End PBXProject section */

/* Begin PBXSourcesBuildPhase section */
		962A5EB014C8D2CE0052FADA /* Sources */ = {
			isa = PBXSourcesBuildPhase;
			buildActionMask = 2147483647;
			files = (
				962A5EB914C8D2CE0052FADA /* main.c in Sources */,
			);
			runOnlyForDeploymentPostprocessing = 0;
		};
/* End PBXSourcesBuildPhase section */

/* Begin XCBuildConfiguration section */
		962A5EBC14C8D2CF0052FADA /* Debug */ = {
			isa = XCBuildConfiguration;
			buildSettings = {
				ALWAYS_SEARCH_USER_PATHS = NO;
				ARCHS = "$(ARCHS_STANDARD_64_BIT)";
				CLANG_ENABLE_OBJC_ARC = YES;
				COPY_PHASE_STRIP = NO;
				GCC_C_LANGUAGE_STANDARD = gnu99;
				GCC_DYNAMIC_NO_PIC = NO;
				GCC_ENABLE_OBJC_EXCEPTIONS = YES;
				GCC_OPTIMIZATION_LEVEL = 0;
				GCC_PREPROCESSOR_DEFINITIONS = (
					"DEBUG=1",
					"$(inherited)",
				);
				GCC_SYMBOLS_PRIVATE_EXTERN = NO;
				GCC_VERSION = com.apple.compilers.llvm.clang.1_0;
				GCC_WARN_64_TO_32_BIT_CONVERSION = YES;
				GCC_WARN_ABOUT_MISSING_PROTOTYPES = YES;
				GCC_WARN_ABOUT_RETURN_TYPE = YES;
				GCC_WARN_UNUSED_VARIABLE = YES;
				MACOSX_DEPLOYMENT_TARGET = 10.7;
				ONLY_ACTIVE_ARCH = YES;
				SDKROOT = macosx;
			};
			name = Debug;
		};
		962A5EBD14C8D2CF0052FADA /* Release */ = {
			isa = XCBuildConfiguration;
			buildSettings = {
				ALWAYS_SEARCH_USER_PATHS = NO;
				ARCHS = "$(ARCHS_STANDARD_64_BIT)";
				CLANG_ENABLE_OBJC_ARC = YES;
				COPY_PHASE_STRIP = YES;
				DEBUG_INFORMATION_FORMAT = "dwarf-with-dsym";
				GCC_C_LANGUAGE_STANDARD = gnu99;
				GCC_ENABLE_OBJC_EXCEPTIONS = YES;
				GCC_VERSION = com.apple.compilers.llvm.clang.1_0;
				GCC_WARN_64_TO_32_BIT_CONVERSION = YES;
				GCC_WARN_ABOUT_MISSING_PROTOTYPES = YES;
				GCC_WARN_ABOUT_RETURN_TYPE = YES;
				GCC_WARN_UNUSED_VARIABLE = YES;
				MACOSX_DEPLOYMENT_TARGET = 10.7;
				SDKROOT = macosx;
			};
			name = Release;
		};
		962A5EBF14C8D2CF0052FADA /* Debug */ = {
			isa = XCBuildConfiguration;
			buildSettings = {
				PRODUCT_NAME = "$(TARGET_NAME)";
			};
			name = Debug;
		};
		962A5EC014C8D2CF0052FADA /* Release */ = {
			isa = XCBuildConfiguration;
			buildSettings = {
				PRODUCT_NAME = "$(TARGET_NAME)";
			};
			name = Release;
		};
/* End XCBuildConfiguration section */

/* Begin XCConfigurationList section */
		962A5EAE14C8D2CE0052FADA /* Build configuration list for PBXProject "Challenge 5" */ = {
			isa = XCConfigurationList;
			buildConfigurations = (
				962A5EBC14C8D2CF0052FADA /* Debug */,
				962A5EBD14C8D2CF0052FADA /* Release */,
			);
			defaultConfigurationIsVisible = 0;
			defaultConfigurationName = Release;
		};
		962A5EBE14C8D2CF0052FADA /* Build configuration list for PBXNativeTarget "Challenge 5" */ = {
			isa = XCConfigurationList;
			buildConfigurations = (
				962A5EBF14C8D2CF0052FADA /* Debug */,
				962A5EC014C8D2CF0052FADA /* Release */,
			);
			defaultConfigurationIsVisible = 0;
		};
/* End XCConfigurationList section */
	};
	rootObject = 962A5EAB14C8D2CE0052FADA /* Project object */;
}
