// !$*UTF8*$!
{
	archiveVersion = 1;
	classes = {
	};
	objectVersion = 46;
	objects = {

/* Begin PBXBuildFile section */
		965664B314C4CF5F0042A079 /* main.c in Sources */ = {isa = PBXBuildFile; fileRef = 965664B214C4CF5F0042A079 /* main.c */; };
		965664B514C4CF5F0042A079 /* Challenge_4.1 in CopyFiles */ = {isa = PBXBuildFile; fileRef = 965664B414C4CF5F0042A079 /* Challenge_4.1 */; };
/* End PBXBuildFile section */

/* Begin PBXCopyFilesBuildPhase section */
		965664AC14C4CF5F0042A079 /* CopyFiles */ = {
			isa = PBXCopyFilesBuildPhase;
			buildActionMask = 2147483647;
			dstPath = /usr/share/man/man1/;
			dstSubfolderSpec = 0;
			files = (
				965664B514C4CF5F0042A079 /* Challenge_4.1 in CopyFiles */,
			);
			runOnlyForDeploymentPostprocessing = 1;
		};
/* End PBXCopyFilesBuildPhase section */

/* Begin PBXFileReference section */
		965664AE14C4CF5F0042A079 /* Challenge 4 */ = {isa = PBXFileReference; explicitFileType = "compiled.mach-o.executable"; includeInIndex = 0; path = "Challenge 4"; sourceTree = BUILT_PRODUCTS_DIR; };
		965664B214C4CF5F0042A079 /* main.c */ = {isa = PBXFileReference; lastKnownFileType = sourcecode.c.c; path = main.c; sourceTree = "<group>"; };
		965664B414C4CF5F0042A079 /* Challenge_4.1 */ = {isa = PBXFileReference; lastKnownFileType = text.man; path = Challenge_4.1; sourceTree = "<group>"; };
/* End PBXFileReference section */

/* Begin PBXFrameworksBuildPhase section */
		965664AB14C4CF5F0042A079 /* Frameworks */ = {
			isa = PBXFrameworksBuildPhase;
			buildActionMask = 2147483647;
			files = (
			);
			runOnlyForDeploymentPostprocessing = 0;
		};
/* End PBXFrameworksBuildPhase section */

/* Begin PBXGroup section */
		965664A314C4CF5F0042A079 = {
			isa = PBXGroup;
			children = (
				965664B114C4CF5F0042A079 /* Challenge 4 */,
				965664AF14C4CF5F0042A079 /* Products */,
			);
			sourceTree = "<group>";
		};
		965664AF14C4CF5F0042A079 /* Products */ = {
			isa = PBXGroup;
			children = (
				965664AE14C4CF5F0042A079 /* Challenge 4 */,
			);
			name = Products;
			sourceTree = "<group>";
		};
		965664B114C4CF5F0042A079 /* Challenge 4 */ = {
			isa = PBXGroup;
			children = (
				965664B214C4CF5F0042A079 /* main.c */,
				965664B414C4CF5F0042A079 /* Challenge_4.1 */,
			);
			path = "Challenge 4";
			sourceTree = "<group>";
		};
/* End PBXGroup section */

/* Begin PBXNativeTarget section */
		965664AD14C4CF5F0042A079 /* Challenge 4 */ = {
			isa = PBXNativeTarget;
			buildConfigurationList = 965664B814C4CF5F0042A079 /* Build configuration list for PBXNativeTarget "Challenge 4" */;
			buildPhases = (
				965664AA14C4CF5F0042A079 /* Sources */,
				965664AB14C4CF5F0042A079 /* Frameworks */,
				965664AC14C4CF5F0042A079 /* CopyFiles */,
			);
			buildRules = (
			);
			dependencies = (
			);
			name = "Challenge 4";
			productName = "Challenge 4";
			productReference = 965664AE14C4CF5F0042A079 /* Challenge 4 */;
			productType = "com.apple.product-type.tool";
		};
/* End PBXNativeTarget section */

/* Begin PBXProject section */
		965664A514C4CF5F0042A079 /* Project object */ = {
			isa = PBXProject;
			attributes = {
				LastUpgradeCheck = 0420;
			};
			buildConfigurationList = 965664A814C4CF5F0042A079 /* Build configuration list for PBXProject "Challenge 4" */;
			compatibilityVersion = "Xcode 3.2";
			developmentRegion = English;
			hasScannedForEncodings = 0;
			knownRegions = (
				en,
			);
			mainGroup = 965664A314C4CF5F0042A079;
			productRefGroup = 965664AF14C4CF5F0042A079 /* Products */;
			projectDirPath = "";
			projectRoot = "";
			targets = (
				965664AD14C4CF5F0042A079 /* Challenge 4 */,
			);
		};
/* End PBXProject section */

/* Begin PBXSourcesBuildPhase section */
		965664AA14C4CF5F0042A079 /* Sources */ = {
			isa = PBXSourcesBuildPhase;
			buildActionMask = 2147483647;
			files = (
				965664B314C4CF5F0042A079 /* main.c in Sources */,
			);
			runOnlyForDeploymentPostprocessing = 0;
		};
/* End PBXSourcesBuildPhase section */

/* Begin XCBuildConfiguration section */
		965664B614C4CF5F0042A079 /* Debug */ = {
			isa = XCBuildConfiguration;
			buildSettings = {
				ALWAYS_SEARCH_USER_PATHS = NO;
				ARCHS = "$(ARCHS_STANDARD_64_BIT)";
				CLANG_ENABLE_OBJC_ARC = YES;
				COPY_PHASE_STRIP = NO;
				GCC_C_LANGUAGE_STANDARD = gnu99;
				GCC_DYNAMIC_NO_PIC = NO;
				GCC_ENABLE_OBJC_EXCEPTIONS = YES;
				GCC_OPTIMIZATION_LEVEL = 0;
				GCC_PREPROCESSOR_DEFINITIONS = (
					"DEBUG=1",
					"$(inherited)",
				);
				GCC_SYMBOLS_PRIVATE_EXTERN = NO;
				GCC_VERSION = com.apple.compilers.llvm.clang.1_0;
				GCC_WARN_64_TO_32_BIT_CONVERSION = YES;
				GCC_WARN_ABOUT_MISSING_PROTOTYPES = YES;
				GCC_WARN_ABOUT_RETURN_TYPE = YES;
				GCC_WARN_UNUSED_VARIABLE = YES;
				MACOSX_DEPLOYMENT_TARGET = 10.7;
				ONLY_ACTIVE_ARCH = YES;
				SDKROOT = macosx;
			};
			name = Debug;
		};
		965664B714C4CF5F0042A079 /* Release */ = {
			isa = XCBuildConfiguration;
			buildSettings = {
				ALWAYS_SEARCH_USER_PATHS = NO;
				ARCHS = "$(ARCHS_STANDARD_64_BIT)";
				CLANG_ENABLE_OBJC_ARC = YES;
				COPY_PHASE_STRIP = YES;
				DEBUG_INFORMATION_FORMAT = "dwarf-with-dsym";
				GCC_C_LANGUAGE_STANDARD = gnu99;
				GCC_ENABLE_OBJC_EXCEPTIONS = YES;
				GCC_VERSION = com.apple.compilers.llvm.clang.1_0;
				GCC_WARN_64_TO_32_BIT_CONVERSION = YES;
				GCC_WARN_ABOUT_MISSING_PROTOTYPES = YES;
				GCC_WARN_ABOUT_RETURN_TYPE = YES;
				GCC_WARN_UNUSED_VARIABLE = YES;
				MACOSX_DEPLOYMENT_TARGET = 10.7;
				SDKROOT = macosx;
			};
			name = Release;
		};
		965664B914C4CF5F0042A079 /* Debug */ = {
			isa = XCBuildConfiguration;
			buildSettings = {
				PRODUCT_NAME = "$(TARGET_NAME)";
			};
			name = Debug;
		};
		965664BA14C4CF5F0042A079 /* Release */ = {
			isa = XCBuildConfiguration;
			buildSettings = {
				PRODUCT_NAME = "$(TARGET_NAME)";
			};
			name = Release;
		};
/* End XCBuildConfiguration section */

/* Begin XCConfigurationList section */
		965664A814C4CF5F0042A079 /* Build configuration list for PBXProject "Challenge 4" */ = {
			isa = XCConfigurationList;
			buildConfigurations = (
				965664B614C4CF5F0042A079 /* Debug */,
				965664B714C4CF5F0042A079 /* Release */,
			);
			defaultConfigurationIsVisible = 0;
			defaultConfigurationName = Release;
		};
		965664B814C4CF5F0042A079 /* Build configuration list for PBXNativeTarget "Challenge 4" */ = {
			isa = XCConfigurationList;
			buildConfigurations = (
				965664B914C4CF5F0042A079 /* Debug */,
				965664BA14C4CF5F0042A079 /* Release */,
			);
			defaultConfigurationIsVisible = 0;
		};
/* End XCConfigurationList section */
	};
	rootObject = 965664A514C4CF5F0042A079 /* Project object */;
}
