// !$*UTF8*$!
{
	archiveVersion = 1;
	classes = {
	};
	objectVersion = 46;
	objects = {

/* Begin PBXBuildFile section */
		9680D2A614CBF138005236E3 /* main.c in Sources */ = {isa = PBXBuildFile; fileRef = 9680D2A514CBF138005236E3 /* main.c */; };
		9680D2A814CBF138005236E3 /* BMICalc.1 in CopyFiles */ = {isa = PBXBuildFile; fileRef = 9680D2A714CBF138005236E3 /* BMICalc.1 */; };
/* End PBXBuildFile section */

/* Begin PBXCopyFilesBuildPhase section */
		9680D29F14CBF138005236E3 /* CopyFiles */ = {
			isa = PBXCopyFilesBuildPhase;
			buildActionMask = 2147483647;
			dstPath = /usr/share/man/man1/;
			dstSubfolderSpec = 0;
			files = (
				9680D2A814CBF138005236E3 /* BMICalc.1 in CopyFiles */,
			);
			runOnlyForDeploymentPostprocessing = 1;
		};
/* End PBXCopyFilesBuildPhase section */

/* Begin PBXFileReference section */
		9680D2A114CBF138005236E3 /* BMICalc */ = {isa = PBXFileReference; explicitFileType = "compiled.mach-o.executable"; includeInIndex = 0; path = BMICalc; sourceTree = BUILT_PRODUCTS_DIR; };
		9680D2A514CBF138005236E3 /* main.c */ = {isa = PBXFileReference; lastKnownFileType = sourcecode.c.c; path = main.c; sourceTree = "<group>"; };
		9680D2A714CBF138005236E3 /* BMICalc.1 */ = {isa = PBXFileReference; lastKnownFileType = text.man; path = BMICalc.1; sourceTree = "<group>"; };
/* End PBXFileReference section */

/* Begin PBXFrameworksBuildPhase section */
		9680D29E14CBF138005236E3 /* Frameworks */ = {
			isa = PBXFrameworksBuildPhase;
			buildActionMask = 2147483647;
			files = (
			);
			runOnlyForDeploymentPostprocessing = 0;
		};
/* End PBXFrameworksBuildPhase section */

/* Begin PBXGroup section */
		9680D29614CBF138005236E3 = {
			isa = PBXGroup;
			children = (
				9680D2A414CBF138005236E3 /* BMICalc */,
				9680D2A214CBF138005236E3 /* Products */,
			);
			sourceTree = "<group>";
		};
		9680D2A214CBF138005236E3 /* Products */ = {
			isa = PBXGroup;
			children = (
				9680D2A114CBF138005236E3 /* BMICalc */,
			);
			name = Products;
			sourceTree = "<group>";
		};
		9680D2A414CBF138005236E3 /* BMICalc */ = {
			isa = PBXGroup;
			children = (
				9680D2A514CBF138005236E3 /* main.c */,
				9680D2A714CBF138005236E3 /* BMICalc.1 */,
			);
			path = BMICalc;
			sourceTree = "<group>";
		};
/* End PBXGroup section */

/* Begin PBXNativeTarget section */
		9680D2A014CBF138005236E3 /* BMICalc */ = {
			isa = PBXNativeTarget;
			buildConfigurationList = 9680D2AB14CBF138005236E3 /* Build configuration list for PBXNativeTarget "BMICalc" */;
			buildPhases = (
				9680D29D14CBF138005236E3 /* Sources */,
				9680D29E14CBF138005236E3 /* Frameworks */,
				9680D29F14CBF138005236E3 /* CopyFiles */,
			);
			buildRules = (
			);
			dependencies = (
			);
			name = BMICalc;
			productName = BMICalc;
			productReference = 9680D2A114CBF138005236E3 /* BMICalc */;
			productType = "com.apple.product-type.tool";
		};
/* End PBXNativeTarget section */

/* Begin PBXProject section */
		9680D29814CBF138005236E3 /* Project object */ = {
			isa = PBXProject;
			attributes = {
				LastUpgradeCheck = 0420;
				ORGANIZATIONNAME = "Fuimus Four";
			};
			buildConfigurationList = 9680D29B14CBF138005236E3 /* Build configuration list for PBXProject "BMICalc" */;
			compatibilityVersion = "Xcode 3.2";
			developmentRegion = English;
			hasScannedForEncodings = 0;
			knownRegions = (
				en,
			);
			mainGroup = 9680D29614CBF138005236E3;
			productRefGroup = 9680D2A214CBF138005236E3 /* Products */;
			projectDirPath = "";
			projectRoot = "";
			targets = (
				9680D2A014CBF138005236E3 /* BMICalc */,
			);
		};
/* End PBXProject section */

/* Begin PBXSourcesBuildPhase section */
		9680D29D14CBF138005236E3 /* Sources */ = {
			isa = PBXSourcesBuildPhase;
			buildActionMask = 2147483647;
			files = (
				9680D2A614CBF138005236E3 /* main.c in Sources */,
			);
			runOnlyForDeploymentPostprocessing = 0;
		};
/* End PBXSourcesBuildPhase section */

/* Begin XCBuildConfiguration section */
		9680D2A914CBF138005236E3 /* Debug */ = {
			isa = XCBuildConfiguration;
			buildSettings = {
				ALWAYS_SEARCH_USER_PATHS = NO;
				ARCHS = "$(ARCHS_STANDARD_64_BIT)";
				CLANG_ENABLE_OBJC_ARC = YES;
				COPY_PHASE_STRIP = NO;
				GCC_C_LANGUAGE_STANDARD = gnu99;
				GCC_DYNAMIC_NO_PIC = NO;
				GCC_ENABLE_OBJC_EXCEPTIONS = YES;
				GCC_OPTIMIZATION_LEVEL = 0;
				GCC_PREPROCESSOR_DEFINITIONS = (
					"DEBUG=1",
					"$(inherited)",
				);
				GCC_SYMBOLS_PRIVATE_EXTERN = NO;
				GCC_VERSION = com.apple.compilers.llvm.clang.1_0;
				GCC_WARN_64_TO_32_BIT_CONVERSION = YES;
				GCC_WARN_ABOUT_MISSING_PROTOTYPES = YES;
				GCC_WARN_ABOUT_RETURN_TYPE = YES;
				GCC_WARN_UNUSED_VARIABLE = YES;
				MACOSX_DEPLOYMENT_TARGET = 10.7;
				ONLY_ACTIVE_ARCH = YES;
				SDKROOT = macosx;
			};
			name = Debug;
		};
		9680D2AA14CBF138005236E3 /* Release */ = {
			isa = XCBuildConfiguration;
			buildSettings = {
				ALWAYS_SEARCH_USER_PATHS = NO;
				ARCHS = "$(ARCHS_STANDARD_64_BIT)";
				CLANG_ENABLE_OBJC_ARC = YES;
				COPY_PHASE_STRIP = YES;
				DEBUG_INFORMATION_FORMAT = "dwarf-with-dsym";
				GCC_C_LANGUAGE_STANDARD = gnu99;
				GCC_ENABLE_OBJC_EXCEPTIONS = YES;
				GCC_VERSION = com.apple.compilers.llvm.clang.1_0;
				GCC_WARN_64_TO_32_BIT_CONVERSION = YES;
				GCC_WARN_ABOUT_MISSING_PROTOTYPES = YES;
				GCC_WARN_ABOUT_RETURN_TYPE = YES;
				GCC_WARN_UNUSED_VARIABLE = YES;
				MACOSX_DEPLOYMENT_TARGET = 10.7;
				SDKROOT = macosx;
			};
			name = Release;
		};
		9680D2AC14CBF138005236E3 /* Debug */ = {
			isa = XCBuildConfiguration;
			buildSettings = {
				PRODUCT_NAME = "$(TARGET_NAME)";
			};
			name = Debug;
		};
		9680D2AD14CBF138005236E3 /* Release */ = {
			isa = XCBuildConfiguration;
			buildSettings = {
				PRODUCT_NAME = "$(TARGET_NAME)";
			};
			name = Release;
		};
/* End XCBuildConfiguration section */

/* Begin XCConfigurationList section */
		9680D29B14CBF138005236E3 /* Build configuration list for PBXProject "BMICalc" */ = {
			isa = XCConfigurationList;
			buildConfigurations = (
				9680D2A914CBF138005236E3 /* Debug */,
				9680D2AA14CBF138005236E3 /* Release */,
			);
			defaultConfigurationIsVisible = 0;
			defaultConfigurationName = Release;
		};
		9680D2AB14CBF138005236E3 /* Build configuration list for PBXNativeTarget "BMICalc" */ = {
			isa = XCConfigurationList;
			buildConfigurations = (
				9680D2AC14CBF138005236E3 /* Debug */,
				9680D2AD14CBF138005236E3 /* Release */,
			);
			defaultConfigurationIsVisible = 0;
		};
/* End XCConfigurationList section */
	};
	rootObject = 9680D29814CBF138005236E3 /* Project object */;
}
