// !$*UTF8*$!
{
	archiveVersion = 1;
	classes = {
	};
	objectVersion = 46;
	objects = {

/* Begin PBXBuildFile section */
		9656649B14C4C88D0042A079 /* main.c in Sources */ = {isa = PBXBuildFile; fileRef = 9656649A14C4C88D0042A079 /* main.c */; };
		9656649D14C4C88D0042A079 /* Coolness.1 in CopyFiles */ = {isa = PBXBuildFile; fileRef = 9656649C14C4C88D0042A079 /* Coolness.1 */; };
/* End PBXBuildFile section */

/* Begin PBXCopyFilesBuildPhase section */
		9656649414C4C88D0042A079 /* CopyFiles */ = {
			isa = PBXCopyFilesBuildPhase;
			buildActionMask = 2147483647;
			dstPath = /usr/share/man/man1/;
			dstSubfolderSpec = 0;
			files = (
				9656649D14C4C88D0042A079 /* Coolness.1 in CopyFiles */,
			);
			runOnlyForDeploymentPostprocessing = 1;
		};
/* End PBXCopyFilesBuildPhase section */

/* Begin PBXFileReference section */
		9656649614C4C88D0042A079 /* Coolness */ = {isa = PBXFileReference; explicitFileType = "compiled.mach-o.executable"; includeInIndex = 0; path = Coolness; sourceTree = BUILT_PRODUCTS_DIR; };
		9656649A14C4C88D0042A079 /* main.c */ = {isa = PBXFileReference; lastKnownFileType = sourcecode.c.c; path = main.c; sourceTree = "<group>"; };
		9656649C14C4C88D0042A079 /* Coolness.1 */ = {isa = PBXFileReference; lastKnownFileType = text.man; path = Coolness.1; sourceTree = "<group>"; };
/* End PBXFileReference section */

/* Begin PBXFrameworksBuildPhase section */
		9656649314C4C88D0042A079 /* Frameworks */ = {
			isa = PBXFrameworksBuildPhase;
			buildActionMask = 2147483647;
			files = (
			);
			runOnlyForDeploymentPostprocessing = 0;
		};
/* End PBXFrameworksBuildPhase section */

/* Begin PBXGroup section */
		9656648B14C4C88D0042A079 = {
			isa = PBXGroup;
			children = (
				9656649914C4C88D0042A079 /* Coolness */,
				9656649714C4C88D0042A079 /* Products */,
			);
			sourceTree = "<group>";
		};
		9656649714C4C88D0042A079 /* Products */ = {
			isa = PBXGroup;
			children = (
				9656649614C4C88D0042A079 /* Coolness */,
			);
			name = Products;
			sourceTree = "<group>";
		};
		9656649914C4C88D0042A079 /* Coolness */ = {
			isa = PBXGroup;
			children = (
				9656649A14C4C88D0042A079 /* main.c */,
				9656649C14C4C88D0042A079 /* Coolness.1 */,
			);
			path = Coolness;
			sourceTree = "<group>";
		};
/* End PBXGroup section */

/* Begin PBXNativeTarget section */
		9656649514C4C88D0042A079 /* Coolness */ = {
			isa = PBXNativeTarget;
			buildConfigurationList = 965664A014C4C88D0042A079 /* Build configuration list for PBXNativeTarget "Coolness" */;
			buildPhases = (
				9656649214C4C88D0042A079 /* Sources */,
				9656649314C4C88D0042A079 /* Frameworks */,
				9656649414C4C88D0042A079 /* CopyFiles */,
			);
			buildRules = (
			);
			dependencies = (
			);
			name = Coolness;
			productName = Coolness;
			productReference = 9656649614C4C88D0042A079 /* Coolness */;
			productType = "com.apple.product-type.tool";
		};
/* End PBXNativeTarget section */

/* Begin PBXProject section */
		9656648D14C4C88D0042A079 /* Project object */ = {
			isa = PBXProject;
			attributes = {
				LastUpgradeCheck = 0420;
			};
			buildConfigurationList = 9656649014C4C88D0042A079 /* Build configuration list for PBXProject "Coolness" */;
			compatibilityVersion = "Xcode 3.2";
			developmentRegion = English;
			hasScannedForEncodings = 0;
			knownRegions = (
				en,
			);
			mainGroup = 9656648B14C4C88D0042A079;
			productRefGroup = 9656649714C4C88D0042A079 /* Products */;
			projectDirPath = "";
			projectRoot = "";
			targets = (
				9656649514C4C88D0042A079 /* Coolness */,
			);
		};
/* End PBXProject section */

/* Begin PBXSourcesBuildPhase section */
		9656649214C4C88D0042A079 /* Sources */ = {
			isa = PBXSourcesBuildPhase;
			buildActionMask = 2147483647;
			files = (
				9656649B14C4C88D0042A079 /* main.c in Sources */,
			);
			runOnlyForDeploymentPostprocessing = 0;
		};
/* End PBXSourcesBuildPhase section */

/* Begin XCBuildConfiguration section */
		9656649E14C4C88D0042A079 /* Debug */ = {
			isa = XCBuildConfiguration;
			buildSettings = {
				ALWAYS_SEARCH_USER_PATHS = NO;
				ARCHS = "$(ARCHS_STANDARD_64_BIT)";
				CLANG_ENABLE_OBJC_ARC = YES;
				COPY_PHASE_STRIP = NO;
				GCC_C_LANGUAGE_STANDARD = gnu99;
				GCC_DYNAMIC_NO_PIC = NO;
				GCC_ENABLE_OBJC_EXCEPTIONS = YES;
				GCC_OPTIMIZATION_LEVEL = 0;
				GCC_PREPROCESSOR_DEFINITIONS = (
					"DEBUG=1",
					"$(inherited)",
				);
				GCC_SYMBOLS_PRIVATE_EXTERN = NO;
				GCC_VERSION = com.apple.compilers.llvm.clang.1_0;
				GCC_WARN_64_TO_32_BIT_CONVERSION = YES;
				GCC_WARN_ABOUT_MISSING_PROTOTYPES = YES;
				GCC_WARN_ABOUT_RETURN_TYPE = YES;
				GCC_WARN_UNUSED_VARIABLE = YES;
				MACOSX_DEPLOYMENT_TARGET = 10.7;
				ONLY_ACTIVE_ARCH = YES;
				SDKROOT = macosx;
			};
			name = Debug;
		};
		9656649F14C4C88D0042A079 /* Release */ = {
			isa = XCBuildConfiguration;
			buildSettings = {
				ALWAYS_SEARCH_USER_PATHS = NO;
				ARCHS = "$(ARCHS_STANDARD_64_BIT)";
				CLANG_ENABLE_OBJC_ARC = YES;
				COPY_PHASE_STRIP = YES;
				DEBUG_INFORMATION_FORMAT = "dwarf-with-dsym";
				GCC_C_LANGUAGE_STANDARD = gnu99;
				GCC_ENABLE_OBJC_EXCEPTIONS = YES;
				GCC_VERSION = com.apple.compilers.llvm.clang.1_0;
				GCC_WARN_64_TO_32_BIT_CONVERSION = YES;
				GCC_WARN_ABOUT_MISSING_PROTOTYPES = YES;
				GCC_WARN_ABOUT_RETURN_TYPE = YES;
				GCC_WARN_UNUSED_VARIABLE = YES;
				MACOSX_DEPLOYMENT_TARGET = 10.7;
				SDKROOT = macosx;
			};
			name = Release;
		};
		965664A114C4C88D0042A079 /* Debug */ = {
			isa = XCBuildConfiguration;
			buildSettings = {
				PRODUCT_NAME = "$(TARGET_NAME)";
			};
			name = Debug;
		};
		965664A214C4C88D0042A079 /* Release */ = {
			isa = XCBuildConfiguration;
			buildSettings = {
				PRODUCT_NAME = "$(TARGET_NAME)";
			};
			name = Release;
		};
/* End XCBuildConfiguration section */

/* Begin XCConfigurationList section */
		9656649014C4C88D0042A079 /* Build configuration list for PBXProject "Coolness" */ = {
			isa = XCConfigurationList;
			buildConfigurations = (
				9656649E14C4C88D0042A079 /* Debug */,
				9656649F14C4C88D0042A079 /* Release */,
			);
			defaultConfigurationIsVisible = 0;
			defaultConfigurationName = Release;
		};
		965664A014C4C88D0042A079 /* Build configuration list for PBXNativeTarget "Coolness" */ = {
			isa = XCConfigurationList;
			buildConfigurations = (
				965664A114C4C88D0042A079 /* Debug */,
				965664A214C4C88D0042A079 /* Release */,
			);
			defaultConfigurationIsVisible = 0;
		};
/* End XCConfigurationList section */
	};
	rootObject = 9656648D14C4C88D0042A079 /* Project object */;
}
