// !$*UTF8*$!
{
	archiveVersion = 1;
	classes = {
	};
	objectVersion = 46;
	objects = {

/* Begin PBXBuildFile section */
		9626628C14C4C20600CD1532 /* main.c in Sources */ = {isa = PBXBuildFile; fileRef = 9626628B14C4C20600CD1532 /* main.c */; };
		9626628E14C4C20600CD1532 /* Challenge_3.1 in CopyFiles */ = {isa = PBXBuildFile; fileRef = 9626628D14C4C20600CD1532 /* Challenge_3.1 */; };
/* End PBXBuildFile section */

/* Begin PBXCopyFilesBuildPhase section */
		9626628514C4C20600CD1532 /* CopyFiles */ = {
			isa = PBXCopyFilesBuildPhase;
			buildActionMask = 2147483647;
			dstPath = /usr/share/man/man1/;
			dstSubfolderSpec = 0;
			files = (
				9626628E14C4C20600CD1532 /* Challenge_3.1 in CopyFiles */,
			);
			runOnlyForDeploymentPostprocessing = 1;
		};
/* End PBXCopyFilesBuildPhase section */

/* Begin PBXFileReference section */
		9626628714C4C20600CD1532 /* Challenge 3 */ = {isa = PBXFileReference; explicitFileType = "compiled.mach-o.executable"; includeInIndex = 0; path = "Challenge 3"; sourceTree = BUILT_PRODUCTS_DIR; };
		9626628B14C4C20600CD1532 /* main.c */ = {isa = PBXFileReference; lastKnownFileType = sourcecode.c.c; path = main.c; sourceTree = "<group>"; };
		9626628D14C4C20600CD1532 /* Challenge_3.1 */ = {isa = PBXFileReference; lastKnownFileType = text.man; path = Challenge_3.1; sourceTree = "<group>"; };
/* End PBXFileReference section */

/* Begin PBXFrameworksBuildPhase section */
		9626628414C4C20600CD1532 /* Frameworks */ = {
			isa = PBXFrameworksBuildPhase;
			buildActionMask = 2147483647;
			files = (
			);
			runOnlyForDeploymentPostprocessing = 0;
		};
/* End PBXFrameworksBuildPhase section */

/* Begin PBXGroup section */
		9626627C14C4C20600CD1532 = {
			isa = PBXGroup;
			children = (
				9626628A14C4C20600CD1532 /* Challenge 3 */,
				9626628814C4C20600CD1532 /* Products */,
			);
			sourceTree = "<group>";
		};
		9626628814C4C20600CD1532 /* Products */ = {
			isa = PBXGroup;
			children = (
				9626628714C4C20600CD1532 /* Challenge 3 */,
			);
			name = Products;
			sourceTree = "<group>";
		};
		9626628A14C4C20600CD1532 /* Challenge 3 */ = {
			isa = PBXGroup;
			children = (
				9626628B14C4C20600CD1532 /* main.c */,
				9626628D14C4C20600CD1532 /* Challenge_3.1 */,
			);
			path = "Challenge 3";
			sourceTree = "<group>";
		};
/* End PBXGroup section */

/* Begin PBXNativeTarget section */
		9626628614C4C20600CD1532 /* Challenge 3 */ = {
			isa = PBXNativeTarget;
			buildConfigurationList = 9626629114C4C20600CD1532 /* Build configuration list for PBXNativeTarget "Challenge 3" */;
			buildPhases = (
				9626628314C4C20600CD1532 /* Sources */,
				9626628414C4C20600CD1532 /* Frameworks */,
				9626628514C4C20600CD1532 /* CopyFiles */,
			);
			buildRules = (
			);
			dependencies = (
			);
			name = "Challenge 3";
			productName = "Challenge 3";
			productReference = 9626628714C4C20600CD1532 /* Challenge 3 */;
			productType = "com.apple.product-type.tool";
		};
/* End PBXNativeTarget section */

/* Begin PBXProject section */
		9626627E14C4C20600CD1532 /* Project object */ = {
			isa = PBXProject;
			attributes = {
				LastUpgradeCheck = 0420;
			};
			buildConfigurationList = 9626628114C4C20600CD1532 /* Build configuration list for PBXProject "Challenge 3" */;
			compatibilityVersion = "Xcode 3.2";
			developmentRegion = English;
			hasScannedForEncodings = 0;
			knownRegions = (
				en,
			);
			mainGroup = 9626627C14C4C20600CD1532;
			productRefGroup = 9626628814C4C20600CD1532 /* Products */;
			projectDirPath = "";
			projectRoot = "";
			targets = (
				9626628614C4C20600CD1532 /* Challenge 3 */,
			);
		};
/* End PBXProject section */

/* Begin PBXSourcesBuildPhase section */
		9626628314C4C20600CD1532 /* Sources */ = {
			isa = PBXSourcesBuildPhase;
			buildActionMask = 2147483647;
			files = (
				9626628C14C4C20600CD1532 /* main.c in Sources */,
			);
			runOnlyForDeploymentPostprocessing = 0;
		};
/* End PBXSourcesBuildPhase section */

/* Begin XCBuildConfiguration section */
		9626628F14C4C20600CD1532 /* Debug */ = {
			isa = XCBuildConfiguration;
			buildSettings = {
				ALWAYS_SEARCH_USER_PATHS = NO;
				ARCHS = "$(ARCHS_STANDARD_64_BIT)";
				CLANG_ENABLE_OBJC_ARC = YES;
				COPY_PHASE_STRIP = NO;
				GCC_C_LANGUAGE_STANDARD = gnu99;
				GCC_DYNAMIC_NO_PIC = NO;
				GCC_ENABLE_OBJC_EXCEPTIONS = YES;
				GCC_OPTIMIZATION_LEVEL = 0;
				GCC_PREPROCESSOR_DEFINITIONS = (
					"DEBUG=1",
					"$(inherited)",
				);
				GCC_SYMBOLS_PRIVATE_EXTERN = NO;
				GCC_VERSION = com.apple.compilers.llvm.clang.1_0;
				GCC_WARN_64_TO_32_BIT_CONVERSION = YES;
				GCC_WARN_ABOUT_MISSING_PROTOTYPES = YES;
				GCC_WARN_ABOUT_RETURN_TYPE = YES;
				GCC_WARN_UNUSED_VARIABLE = YES;
				MACOSX_DEPLOYMENT_TARGET = 10.7;
				ONLY_ACTIVE_ARCH = YES;
				SDKROOT = macosx;
			};
			name = Debug;
		};
		9626629014C4C20600CD1532 /* Release */ = {
			isa = XCBuildConfiguration;
			buildSettings = {
				ALWAYS_SEARCH_USER_PATHS = NO;
				ARCHS = "$(ARCHS_STANDARD_64_BIT)";
				CLANG_ENABLE_OBJC_ARC = YES;
				COPY_PHASE_STRIP = YES;
				DEBUG_INFORMATION_FORMAT = "dwarf-with-dsym";
				GCC_C_LANGUAGE_STANDARD = gnu99;
				GCC_ENABLE_OBJC_EXCEPTIONS = YES;
				GCC_VERSION = com.apple.compilers.llvm.clang.1_0;
				GCC_WARN_64_TO_32_BIT_CONVERSION = YES;
				GCC_WARN_ABOUT_MISSING_PROTOTYPES = YES;
				GCC_WARN_ABOUT_RETURN_TYPE = YES;
				GCC_WARN_UNUSED_VARIABLE = YES;
				MACOSX_DEPLOYMENT_TARGET = 10.7;
				SDKROOT = macosx;
			};
			name = Release;
		};
		9626629214C4C20600CD1532 /* Debug */ = {
			isa = XCBuildConfiguration;
			buildSettings = {
				PRODUCT_NAME = "$(TARGET_NAME)";
			};
			name = Debug;
		};
		9626629314C4C20600CD1532 /* Release */ = {
			isa = XCBuildConfiguration;
			buildSettings = {
				PRODUCT_NAME = "$(TARGET_NAME)";
			};
			name = Release;
		};
/* End XCBuildConfiguration section */

/* Begin XCConfigurationList section */
		9626628114C4C20600CD1532 /* Build configuration list for PBXProject "Challenge 3" */ = {
			isa = XCConfigurationList;
			buildConfigurations = (
				9626628F14C4C20600CD1532 /* Debug */,
				9626629014C4C20600CD1532 /* Release */,
			);
			defaultConfigurationIsVisible = 0;
			defaultConfigurationName = Release;
		};
		9626629114C4C20600CD1532 /* Build configuration list for PBXNativeTarget "Challenge 3" */ = {
			isa = XCConfigurationList;
			buildConfigurations = (
				9626629214C4C20600CD1532 /* Debug */,
				9626629314C4C20600CD1532 /* Release */,
			);
			defaultConfigurationIsVisible = 0;
		};
/* End XCConfigurationList section */
	};
	rootObject = 9626627E14C4C20600CD1532 /* Project object */;
}
